<?xml version="1.0" encoding="utf-8"?>
<Project ToolsVersion="4.0" xmlns="http://schemas.microsoft.com/developer/msbuild/2003">
  <ItemGroup>
    <Filter Include="Source">
      <UniqueIdentifier>{4FC737F1-C7A5-4376-A066-2A32D752A2FF}</UniqueIdentifier>
      <Extensions>cpp;c;cc;cxx;def;odl;idl;hpj;bat;asm;asmx</Extensions>
    </Filter>
    <Filter Include="Source\dxtk">
      <UniqueIdentifier>{107824bd-aec7-4abc-9941-6d5f611fa347}</UniqueIdentifier>
    </Filter>
    <Filter Include="Include">
      <UniqueIdentifier>{06c34f00-d38e-4374-ad16-5a8ac2fc1dd5}</UniqueIdentifier>
    </Filter>
    <Filter Include="Source\rapidxml">
      <UniqueIdentifier>{7576d652-e280-4d2e-a5e6-bb3e6d630596}</UniqueIdentifier>
    </Filter>
    <Filter Include="Include\core">
      <UniqueIdentifier>{0ad78229-f849-4cf3-ab74-0c8a83f188ae}</UniqueIdentifier>
    </Filter>
    <Filter Include="Include\filesystem">
      <UniqueIdentifier>{76cd017f-2013-4915-ac3c-0a0f1de76dc4}</UniqueIdentifier>
    </Filter>
  </ItemGroup>
  <ItemGroup>
    <ClInclude Include="pch.h">
      <Filter>Source</Filter>
    </ClInclude>
    <ClInclude Include="rapidxml\rapidxml.hpp">
      <Filter>Source\rapidxml</Filter>
    </ClInclude>
    <ClInclude Include="rapidxml\rapidxml_iterators.hpp">
      <Filter>Source\rapidxml</Filter>
    </ClInclude>
    <ClInclude Include="rapidxml\rapidxml_print.hpp">
      <Filter>Source\rapidxml</Filter>
    </ClInclude>
    <ClInclude Include="rapidxml\rapidxml_utils.hpp">
      <Filter>Source\rapidxml</Filter>
    </ClInclude>
    <ClInclude Include="..\..\include\C3E\core\assert.h">
      <Filter>Include\core</Filter>
    </ClInclude>
    <ClInclude Include="..\..\include\C3E\Core\console.h">
      <Filter>Include\core</Filter>
    </ClInclude>
    <ClInclude Include="..\..\include\C3E\core\corecommon.h">
      <Filter>Include\core</Filter>
    </ClInclude>
    <ClInclude Include="..\..\include\C3E\Core\maths.h">
      <Filter>Include\core</Filter>
    </ClInclude>
    <ClInclude Include="..\..\include\C3E\Core\memory.h">
      <Filter>Include\core</Filter>
    </ClInclude>
    <ClInclude Include="..\..\include\C3E\Core\threading.h">
      <Filter>Include\core</Filter>
    </ClInclude>
    <ClInclude Include="..\..\include\C3E\Core\time.h">
      <Filter>Include\core</Filter>
    </ClInclude>
    <ClInclude Include="..\..\include\C3E\Core\utility.h">
      <Filter>Include\core</Filter>
    </ClInclude>
    <ClInclude Include="..\..\include\C3E\filesystem\filecore.h">
      <Filter>Include\filesystem</Filter>
    </ClInclude>
    <ClInclude Include="..\..\include\C3E\filesystem\filexml.h">
      <Filter>Include\filesystem</Filter>
    </ClInclude>
    <ClInclude Include="..\..\include\C3E\core\strings.h">
      <Filter>Include\core</Filter>
    </ClInclude>
  </ItemGroup>
  <ItemGroup>
    <ClCompile Include="pch.cpp">
      <Filter>Source</Filter>
    </ClCompile>
    <ClCompile Include="SimpleMath.cpp">
      <Filter>Source\dxtk</Filter>
    </ClCompile>
    <ClCompile Include="maths.cpp">
      <Filter>Source</Filter>
    </ClCompile>
    <ClCompile Include="console.cpp">
      <Filter>Source</Filter>
    </ClCompile>
    <ClCompile Include="utility.cpp">
      <Filter>Source</Filter>
    </ClCompile>
    <ClCompile Include="..\..\include\C3E\core\core.cpp">
      <Filter>Source</Filter>
    </ClCompile>
    <ClCompile Include="filexml.cpp">
      <Filter>Source</Filter>
    </ClCompile>
  </ItemGroup>
</Project>